
Microsoft Visual Studio Solution File, Format Version 12.00
# Visual Studio Version 17
VisualStudioVersion = 17.8.34322.80
MinimumVisualStudioVersion = 10.0.40219.1
Project("{FAE04EC0-301F-11D3-BF4B-00C04F79EFBC}") = "Assignment26", "Assignment26\Assignment26.csproj", "{9B1D7019-6C52-4118-8040-88F092CDE00A}"
EndProject
Global
	GlobalSection(SolutionConfigurationPlatforms) = preSolution
		Debug|Any CPU = Debug|Any CPU
		Release|Any CPU = Release|Any CPU
	EndGlobalSection
	GlobalSection(ProjectConfigurationPlatforms) = postSolution
		{9B1D7019-6C52-4118-8040-88F092CDE00A}.Debug|Any CPU.ActiveCfg = Debug|Any CPU
		{9B1D7019-6C52-4118-8040-88F092CDE00A}.Debug|Any CPU.Build.0 = Debug|Any CPU
		{9B1D7019-6C52-4118-8040-88F092CDE00A}.Release|Any CPU.ActiveCfg = Release|Any CPU
		{9B1D7019-6C52-4118-8040-88F092CDE00A}.Release|Any CPU.Build.0 = Release|Any CPU
	EndGlobalSection
	GlobalSection(SolutionProperties) = preSolution
		HideSolutionNode = FALSE
	EndGlobalSection
	GlobalSection(ExtensibilityGlobals) = postSolution
		SolutionGuid = {75F7A757-BE7D-4A4F-BE0A-72C948AA605D}
	EndGlobalSection
EndGlobal
